<?xml version="1.0" encoding="utf-8"?>
<Project ToolsVersion="4.0" xmlns="http://schemas.microsoft.com/developer/msbuild/2003">
  <ItemGroup>
    <Filter Include="Quelldateien">
      <UniqueIdentifier>{4FC737F1-C7A5-4376-A066-2A32D752A2FF}</UniqueIdentifier>
      <Extensions>cpp;c;cc;cxx;def;odl;idl;hpj;bat;asm;asmx</Extensions>
    </Filter>
    <Filter Include="Headerdateien">
      <UniqueIdentifier>{93995380-89BD-4b04-88EB-625FBE52EBFB}</UniqueIdentifier>
      <Extensions>h;hh;hpp;hxx;hm;inl;inc;xsd</Extensions>
    </Filter>
    <Filter Include="Ressourcendateien">
      <UniqueIdentifier>{67DA6AB6-F800-4c08-8B7A-83BB121AAD01}</UniqueIdentifier>
      <Extensions>rc;ico;cur;bmp;dlg;rc2;rct;bin;rgs;gif;jpg;jpeg;jpe;resx;tiff;tif;png;wav;mfcribbon-ms</Extensions>
    </Filter>
    <Filter Include="Quelldateien\Game">
      <UniqueIdentifier>{e7e09127-0561-4b4b-b9cd-63eb371a539c}</UniqueIdentifier>
    </Filter>
    <Filter Include="Headerdateien\Game">
      <UniqueIdentifier>{c93738ea-feef-4e08-bc22-00e34740674e}</UniqueIdentifier>
    </Filter>
    <Filter Include="Quelldateien\Screens">
      <UniqueIdentifier>{1639deef-1bfc-4d8b-8ec0-03385c5f401c}</UniqueIdentifier>
    </Filter>
    <Filter Include="Headerdateien\Screens">
      <UniqueIdentifier>{596c48ea-8a59-4657-af0b-19cde334242c}</UniqueIdentifier>
    </Filter>
    <Filter Include="Quelldateien\Entities">
      <UniqueIdentifier>{7b09ad96-51b5-41c6-ac66-60e600118ff2}</UniqueIdentifier>
    </Filter>
    <Filter Include="Headerdateien\Entities">
      <UniqueIdentifier>{0affe37e-2908-4559-8975-063206ee5cba}</UniqueIdentifier>
    </Filter>
  </ItemGroup>
  <ItemGroup>
    <ClCompile Include="Main.cpp">
      <Filter>Quelldateien</Filter>
    </ClCompile>
    <ClCompile Include="Game.cpp">
      <Filter>Quelldateien\Game</Filter>
    </ClCompile>
    <ClCompile Include="MenuScreen.cpp">
      <Filter>Quelldateien\Screens</Filter>
    </ClCompile>
    <ClCompile Include="GameScreen.cpp">
      <Filter>Quelldateien\Screens</Filter>
    </ClCompile>
    <ClCompile Include="Entity.cpp">
      <Filter>Quelldateien\Entities</Filter>
    </ClCompile>
    <ClCompile Include="Player.cpp">
      <Filter>Quelldateien\Entities</Filter>
    </ClCompile>
  </ItemGroup>
  <ItemGroup>
    <ClInclude Include="Game.hpp">
      <Filter>Headerdateien\Game</Filter>
    </ClInclude>
    <ClInclude Include="resource.h">
      <Filter>Headerdateien</Filter>
    </ClInclude>
    <ClInclude Include="Enums.hpp">
      <Filter>Headerdateien</Filter>
    </ClInclude>
    <ClInclude Include="GameScreen.hpp">
      <Filter>Headerdateien\Screens</Filter>
    </ClInclude>
    <ClInclude Include="MenuScreen.hpp">
      <Filter>Headerdateien\Screens</Filter>
    </ClInclude>
    <ClInclude Include="Entity.hpp">
      <Filter>Headerdateien\Entities</Filter>
    </ClInclude>
    <ClInclude Include="Player.hpp">
      <Filter>Headerdateien\Entities</Filter>
    </ClInclude>
  </ItemGroup>
</Project>